        version: 9.24.0(@opentelemetry/context-async-hooks@1.30.1(@opentelemetry/api@1.9.0))(@opentelemetry/core@1.30.1(@opentelemetry/api@1.9.0))(@opentelemetry/instrumentation@0.57.2(@opentelemetry/api@1.9.0))(@opentelemetry/sdk-trace-base@1.30.1(@opentelemetry/api@1.9.0))(next@15.3.3(@babel/core@7.26.8)(@opentelemetry/api@1.9.0)(react-dom@18.3.1(react@18.3.1))(react@18.3.1)(sass@1.77.1))(react@18.3.1)(webpack@5.99.9)
        version: 8.1.0(webpack@5.99.9)
        version: 0.5.16(tailwindcss@4.1.8)
        specifier: ^4.1.8
        version: 4.1.8
        version: 9.5.2(typescript@5.8.3)(webpack@5.99.9)
        version: 5.99.9
    optionalDependencies:
      '@testing-library/cypress':
        specifier: ^10.0.3
        version: 10.0.3(cypress@14.4.0)
      '@types/chai':
        specifier: ^5.2.2
        version: 5.2.2
      '@types/jest':
        specifier: ^29.5.14
        version: 29.5.14
      '@types/mocha':
        specifier: ^10.0.10
        version: 10.0.10
      cypress:
        specifier: ^14.4.0
        version: 14.4.0
        version: 3.1.0(webpack@5.99.9)
        version: 15.1.0(@mdx-js/loader@3.1.0(webpack@5.99.9))(@mdx-js/react@3.1.0(@types/react@19.0.1)(react@19.0.0))
        version: 0.5.15(tailwindcss@4.1.8)
        specifier: ^4.1.8
        version: 4.1.8
        version: 0.5.13(tailwindcss@4.1.8)
        specifier: ^4.1.8
        version: 4.1.8
  tailwindcss@4.1.8:
    resolution: {integrity: sha512-kjeW8gjdxasbmFKpVGrGd5T4i40mV5J2Rasw48QARfYeQ8YS9x02ON9SFWax3Qf616rt4Cp3nVNIj6Hd1mP3og==}
  '@mdx-js/loader@3.1.0(webpack@5.99.9)':
      webpack: 5.99.9
  '@next/mdx@15.1.0(@mdx-js/loader@3.1.0(webpack@5.99.9))(@mdx-js/react@3.1.0(@types/react@19.0.1)(react@19.0.0))':
      '@mdx-js/loader': 3.1.0(webpack@5.99.9)
  '@sentry/nextjs@9.24.0(@opentelemetry/context-async-hooks@1.30.1(@opentelemetry/api@1.9.0))(@opentelemetry/core@1.30.1(@opentelemetry/api@1.9.0))(@opentelemetry/instrumentation@0.57.2(@opentelemetry/api@1.9.0))(@opentelemetry/sdk-trace-base@1.30.1(@opentelemetry/api@1.9.0))(next@15.3.3(@babel/core@7.26.8)(@opentelemetry/api@1.9.0)(react-dom@18.3.1(react@18.3.1))(react@18.3.1)(sass@1.77.1))(react@18.3.1)(webpack@5.99.9)':
      '@sentry/webpack-plugin': 3.5.0(webpack@5.99.9)
  '@sentry/webpack-plugin@3.5.0(webpack@5.99.9)':
      webpack: 5.99.9
  '@tailwindcss/typography@0.5.13(tailwindcss@4.1.8)':
      tailwindcss: 4.1.8
  '@tailwindcss/typography@0.5.15(tailwindcss@4.1.8)':
      tailwindcss: 4.1.8
  '@tailwindcss/typography@0.5.16(tailwindcss@4.1.8)':
      tailwindcss: 4.1.8
  dotenv-webpack@8.1.0(webpack@5.99.9):
      webpack: 5.99.9
  tailwindcss@4.1.8: {}
  terser-webpack-plugin@5.3.14(webpack@5.99.9):
      webpack: 5.99.9
  ts-loader@9.5.2(typescript@5.8.3)(webpack@5.99.9):
      webpack: 5.99.9
  webpack@5.99.9:
      terser-webpack-plugin: 5.3.14(webpack@5.99.9)
